
Microsoft Visual Studio Solution File, Format Version 12.00
# Visual Studio 15
VisualStudioVersion = 15.0.27703.2042
MinimumVisualStudioVersion = 10.0.40219.1
Project("{FAE04EC0-301F-11D3-BF4B-00C04F79EFBC}") = "DNServer", "DNServer\DNServer.csproj", "{21875481-C9E7-4D53-A675-90D34A0D4E4E}"
EndProject
Global
	GlobalSection(SolutionConfigurationPlatforms) = preSolution
		Debug|Any CPU = Debug|Any CPU
		Release|Any CPU = Release|Any CPU
	EndGlobalSection
	GlobalSection(ProjectConfigurationPlatforms) = postSolution
		{21875481-C9E7-4D53-A675-90D34A0D4E4E}.Debug|Any CPU.ActiveCfg = Debug|Any CPU
		{21875481-C9E7-4D53-A675-90D34A0D4E4E}.Debug|Any CPU.Build.0 = Debug|Any CPU
		{21875481-C9E7-4D53-A675-90D34A0D4E4E}.Release|Any CPU.ActiveCfg = Release|Any CPU
		{21875481-C9E7-4D53-A675-90D34A0D4E4E}.Release|Any CPU.Build.0 = Release|Any CPU
	EndGlobalSection
	GlobalSection(SolutionProperties) = preSolution
		HideSolutionNode = FALSE
	EndGlobalSection
	GlobalSection(ExtensibilityGlobals) = postSolution
		SolutionGuid = {2643FA23-C0A1-4295-A03C-1BB107CA4CF0}
	EndGlobalSection
EndGlobal
